// !$*UTF8*$!
{
	archiveVersion = 1;
	classes = {
	};
	objectVersion = 46;
	objects = {

/* Begin PBXBuildFile section */
		2C3559101E23A126005C1EB5 /* SmallFlowItemTableViewCell.swift in Sources */ = {isa = PBXBuildFile; fileRef = 2C35590F1E23A126005C1EB5 /* SmallFlowItemTableViewCell.swift */; };
		2C3559121E23A1E7005C1EB5 /* MediumFlowItemTableViewCell.swift in Sources */ = {isa = PBXBuildFile; fileRef = 2C3559111E23A1E7005C1EB5 /* MediumFlowItemTableViewCell.swift */; };
		2C3559141E23A1EE005C1EB5 /* LargeFlowItemTableViewCell.swift in Sources */ = {isa = PBXBuildFile; fileRef = 2C3559131E23A1EE005C1EB5 /* LargeFlowItemTableViewCell.swift */; };
		2C3559161E23ADE8005C1EB5 /* TestDataProvider.swift in Sources */ = {isa = PBXBuildFile; fileRef = 2C3559151E23ADE8005C1EB5 /* TestDataProvider.swift */; };
		2C4936461E1A59AF00AE5CD9 /* MockedAPIService.swift in Sources */ = {isa = PBXBuildFile; fileRef = 2C4936451E1A59AF00AE5CD9 /* MockedAPIService.swift */; };
		2C49364E1E1A6A4700AE5CD9 /* SmallFlowItemTableViewCell.xib in Resources */ = {isa = PBXBuildFile; fileRef = 2C49364D1E1A6A4700AE5CD9 /* SmallFlowItemTableViewCell.xib */; };
		2C4936511E1A6C4700AE5CD9 /* MediumFlowItemTableViewCell.xib in Resources */ = {isa = PBXBuildFile; fileRef = 2C4936501E1A6C4700AE5CD9 /* MediumFlowItemTableViewCell.xib */; };
		2C4936541E1A6D8F00AE5CD9 /* LargeFlowItemTableViewCell.xib in Resources */ = {isa = PBXBuildFile; fileRef = 2C4936531E1A6D8F00AE5CD9 /* LargeFlowItemTableViewCell.xib */; };
		2C4936591E1A760300AE5CD9 /* Post.swift in Sources */ = {isa = PBXBuildFile; fileRef = 2C4936581E1A760300AE5CD9 /* Post.swift */; };
		2C95D6261E1538CC00B839E3 /* CreateInvoiceViewController.swift in Sources */ = {isa = PBXBuildFile; fileRef = 2C95D6251E1538CC00B839E3 /* CreateInvoiceViewController.swift */; };
		2CAABDC71E12614200F2DD89 /* Coding.swift in Sources */ = {isa = PBXBuildFile; fileRef = 2CAABDC61E12614200F2DD89 /* Coding.swift */; };
		2CAABDC91E1268E600F2DD89 /* Assertions.swift in Sources */ = {isa = PBXBuildFile; fileRef = 2CAABDC81E1268E600F2DD89 /* Assertions.swift */; };
		2CAABDCB1E1268EE00F2DD89 /* TypeHelper.swift in Sources */ = {isa = PBXBuildFile; fileRef = 2CAABDCA1E1268EE00F2DD89 /* TypeHelper.swift */; };
		2CAABDD51E12925000F2DD89 /* ReportViewController.swift in Sources */ = {isa = PBXBuildFile; fileRef = 2CAABDD41E12925000F2DD89 /* ReportViewController.swift */; };
		2CB431481E13C56100BDC681 /* InvoiceOverviewViewController.swift in Sources */ = {isa = PBXBuildFile; fileRef = 2CB431471E13C56100BDC681 /* InvoiceOverviewViewController.swift */; };
		2CB4314A1E13C67A00BDC681 /* TestData.swift in Sources */ = {isa = PBXBuildFile; fileRef = 2CB431491E13C67A00BDC681 /* TestData.swift */; };
		2CB4314D1E13CBC900BDC681 /* InvoiceTableViewCell.swift in Sources */ = {isa = PBXBuildFile; fileRef = 2CB4314C1E13CBC900BDC681 /* InvoiceTableViewCell.swift */; };
		2CE0522A1E0A994B00371E2F /* AppDelegate.swift in Sources */ = {isa = PBXBuildFile; fileRef = 2CE052291E0A994B00371E2F /* AppDelegate.swift */; };
		2CE0522C1E0A994B00371E2F /* LoginViewController.swift in Sources */ = {isa = PBXBuildFile; fileRef = 2CE0522B1E0A994B00371E2F /* LoginViewController.swift */; };
		2CE0522F1E0A994B00371E2F /* Main.storyboard in Resources */ = {isa = PBXBuildFile; fileRef = 2CE0522D1E0A994B00371E2F /* Main.storyboard */; };
		2CE052311E0A994B00371E2F /* Assets.xcassets in Resources */ = {isa = PBXBuildFile; fileRef = 2CE052301E0A994B00371E2F /* Assets.xcassets */; };
		2CE052341E0A994B00371E2F /* LaunchScreen.storyboard in Resources */ = {isa = PBXBuildFile; fileRef = 2CE052321E0A994B00371E2F /* LaunchScreen.storyboard */; };
		2CE0523F1E0A994B00371E2F /* DIYMobilePrototypeTests.swift in Sources */ = {isa = PBXBuildFile; fileRef = 2CE0523E1E0A994B00371E2F /* DIYMobilePrototypeTests.swift */; };
		2CE0524A1E0A994B00371E2F /* DIYMobilePrototypeUITests.swift in Sources */ = {isa = PBXBuildFile; fileRef = 2CE052491E0A994B00371E2F /* DIYMobilePrototypeUITests.swift */; };
		2CE0525E1E0A99A700371E2F /* Action.swift in Sources */ = {isa = PBXBuildFile; fileRef = 2CE0525D1E0A99A700371E2F /* Action.swift */; };
		2CE052601E0A99B300371E2F /* Reducer.swift in Sources */ = {isa = PBXBuildFile; fileRef = 2CE0525F1E0A99B300371E2F /* Reducer.swift */; };
		2CE052621E0A99BA00371E2F /* Middleware.swift in Sources */ = {isa = PBXBuildFile; fileRef = 2CE052611E0A99BA00371E2F /* Middleware.swift */; };
		2CE052641E0A99C500371E2F /* State.swift in Sources */ = {isa = PBXBuildFile; fileRef = 2CE052631E0A99C500371E2F /* State.swift */; };
		2CE052661E0A99C900371E2F /* Store.swift in Sources */ = {isa = PBXBuildFile; fileRef = 2CE052651E0A99C900371E2F /* Store.swift */; };
		2CE052681E0A99D700371E2F /* StoreSubscriber.swift in Sources */ = {isa = PBXBuildFile; fileRef = 2CE052671E0A99D700371E2F /* StoreSubscriber.swift */; };
		2CE0526A1E0A99E200371E2F /* StoreType.swift in Sources */ = {isa = PBXBuildFile; fileRef = 2CE052691E0A99E200371E2F /* StoreType.swift */; };
		2CE0526C1E0A99EA00371E2F /* Subscription.swift in Sources */ = {isa = PBXBuildFile; fileRef = 2CE0526B1E0A99EA00371E2F /* Subscription.swift */; };
/* End PBXBuildFile section */

/* Begin PBXContainerItemProxy section */
		2CE0523B1E0A994B00371E2F /* PBXContainerItemProxy */ = {
			isa = PBXContainerItemProxy;
			containerPortal = 2CE0521E1E0A994B00371E2F /* Project object */;
			proxyType = 1;
			remoteGlobalIDString = 2CE052251E0A994B00371E2F;
			remoteInfo = DIYMobilePrototype;
		};
		2CE052461E0A994B00371E2F /* PBXContainerItemProxy */ = {
			isa = PBXContainerItemProxy;
			containerPortal = 2CE0521E1E0A994B00371E2F /* Project object */;
			proxyType = 1;
			remoteGlobalIDString = 2CE052251E0A994B00371E2F;
			remoteInfo = DIYMobilePrototype;
		};
/* End PBXContainerItemProxy section */

/* Begin PBXFileReference section */
		2C35590F1E23A126005C1EB5 /* SmallFlowItemTableViewCell.swift */ = {isa = PBXFileReference; fileEncoding = 4; lastKnownFileType = sourcecode.swift; path = SmallFlowItemTableViewCell.swift; sourceTree = "<group>"; };
		2C3559111E23A1E7005C1EB5 /* MediumFlowItemTableViewCell.swift */ = {isa = PBXFileReference; fileEncoding = 4; lastKnownFileType = sourcecode.swift; path = MediumFlowItemTableViewCell.swift; sourceTree = "<group>"; };
		2C3559131E23A1EE005C1EB5 /* LargeFlowItemTableViewCell.swift */ = {isa = PBXFileReference; fileEncoding = 4; lastKnownFileType = sourcecode.swift; path = LargeFlowItemTableViewCell.swift; sourceTree = "<group>"; };
		2C3559151E23ADE8005C1EB5 /* TestDataProvider.swift */ = {isa = PBXFileReference; fileEncoding = 4; lastKnownFileType = sourcecode.swift; path = TestDataProvider.swift; sourceTree = "<group>"; };
		2C4936451E1A59AF00AE5CD9 /* MockedAPIService.swift */ = {isa = PBXFileReference; fileEncoding = 4; lastKnownFileType = sourcecode.swift; path = MockedAPIService.swift; sourceTree = "<group>"; };
		2C49364D1E1A6A4700AE5CD9 /* SmallFlowItemTableViewCell.xib */ = {isa = PBXFileReference; fileEncoding = 4; lastKnownFileType = file.xib; path = SmallFlowItemTableViewCell.xib; sourceTree = "<group>"; };
		2C4936501E1A6C4700AE5CD9 /* MediumFlowItemTableViewCell.xib */ = {isa = PBXFileReference; fileEncoding = 4; lastKnownFileType = file.xib; path = MediumFlowItemTableViewCell.xib; sourceTree = "<group>"; };
		2C4936531E1A6D8F00AE5CD9 /* LargeFlowItemTableViewCell.xib */ = {isa = PBXFileReference; fileEncoding = 4; lastKnownFileType = file.xib; path = LargeFlowItemTableViewCell.xib; sourceTree = "<group>"; };
		2C4936581E1A760300AE5CD9 /* Post.swift */ = {isa = PBXFileReference; fileEncoding = 4; lastKnownFileType = sourcecode.swift; path = Post.swift; sourceTree = "<group>"; };
		2C95D6251E1538CC00B839E3 /* CreateInvoiceViewController.swift */ = {isa = PBXFileReference; fileEncoding = 4; lastKnownFileType = sourcecode.swift; path = CreateInvoiceViewController.swift; sourceTree = "<group>"; };
		2CAABDC61E12614200F2DD89 /* Coding.swift */ = {isa = PBXFileReference; fileEncoding = 4; lastKnownFileType = sourcecode.swift; path = Coding.swift; sourceTree = "<group>"; };
		2CAABDC81E1268E600F2DD89 /* Assertions.swift */ = {isa = PBXFileReference; fileEncoding = 4; lastKnownFileType = sourcecode.swift; path = Assertions.swift; sourceTree = "<group>"; };
		2CAABDCA1E1268EE00F2DD89 /* TypeHelper.swift */ = {isa = PBXFileReference; fileEncoding = 4; lastKnownFileType = sourcecode.swift; path = TypeHelper.swift; sourceTree = "<group>"; };
		2CAABDD41E12925000F2DD89 /* ReportViewController.swift */ = {isa = PBXFileReference; fileEncoding = 4; lastKnownFileType = sourcecode.swift; path = ReportViewController.swift; sourceTree = "<group>"; };
		2CB431471E13C56100BDC681 /* InvoiceOverviewViewController.swift */ = {isa = PBXFileReference; fileEncoding = 4; lastKnownFileType = sourcecode.swift; path = InvoiceOverviewViewController.swift; sourceTree = "<group>"; };
		2CB431491E13C67A00BDC681 /* TestData.swift */ = {isa = PBXFileReference; fileEncoding = 4; lastKnownFileType = sourcecode.swift; path = TestData.swift; sourceTree = "<group>"; };
		2CB4314C1E13CBC900BDC681 /* InvoiceTableViewCell.swift */ = {isa = PBXFileReference; fileEncoding = 4; lastKnownFileType = sourcecode.swift; path = InvoiceTableViewCell.swift; sourceTree = "<group>"; };
		2CE052261E0A994B00371E2F /* DIYMobilePrototype.app */ = {isa = PBXFileReference; explicitFileType = wrapper.application; includeInIndex = 0; path = DIYMobilePrototype.app; sourceTree = BUILT_PRODUCTS_DIR; };
		2CE052291E0A994B00371E2F /* AppDelegate.swift */ = {isa = PBXFileReference; lastKnownFileType = sourcecode.swift; path = AppDelegate.swift; sourceTree = "<group>"; };
		2CE0522B1E0A994B00371E2F /* LoginViewController.swift */ = {isa = PBXFileReference; lastKnownFileType = sourcecode.swift; path = LoginViewController.swift; sourceTree = "<group>"; };
		2CE0522E1E0A994B00371E2F /* Base */ = {isa = PBXFileReference; lastKnownFileType = file.storyboard; name = Base; path = Base.lproj/Main.storyboard; sourceTree = "<group>"; };
		2CE052301E0A994B00371E2F /* Assets.xcassets */ = {isa = PBXFileReference; lastKnownFileType = folder.assetcatalog; path = Assets.xcassets; sourceTree = "<group>"; };
		2CE052331E0A994B00371E2F /* Base */ = {isa = PBXFileReference; lastKnownFileType = file.storyboard; name = Base; path = Base.lproj/LaunchScreen.storyboard; sourceTree = "<group>"; };
		2CE052351E0A994B00371E2F /* Info.plist */ = {isa = PBXFileReference; lastKnownFileType = text.plist.xml; path = Info.plist; sourceTree = "<group>"; };
		2CE0523A1E0A994B00371E2F /* DIYMobilePrototypeTests.xctest */ = {isa = PBXFileReference; explicitFileType = wrapper.cfbundle; includeInIndex = 0; path = DIYMobilePrototypeTests.xctest; sourceTree = BUILT_PRODUCTS_DIR; };
		2CE0523E1E0A994B00371E2F /* DIYMobilePrototypeTests.swift */ = {isa = PBXFileReference; lastKnownFileType = sourcecode.swift; path = DIYMobilePrototypeTests.swift; sourceTree = "<group>"; };
		2CE052401E0A994B00371E2F /* Info.plist */ = {isa = PBXFileReference; lastKnownFileType = text.plist.xml; path = Info.plist; sourceTree = "<group>"; };
		2CE052451E0A994B00371E2F /* DIYMobilePrototypeUITests.xctest */ = {isa = PBXFileReference; explicitFileType = wrapper.cfbundle; includeInIndex = 0; path = DIYMobilePrototypeUITests.xctest; sourceTree = BUILT_PRODUCTS_DIR; };
		2CE052491E0A994B00371E2F /* DIYMobilePrototypeUITests.swift */ = {isa = PBXFileReference; lastKnownFileType = sourcecode.swift; path = DIYMobilePrototypeUITests.swift; sourceTree = "<group>"; };
		2CE0524B1E0A994B00371E2F /* Info.plist */ = {isa = PBXFileReference; lastKnownFileType = text.plist.xml; path = Info.plist; sourceTree = "<group>"; };
		2CE0525D1E0A99A700371E2F /* Action.swift */ = {isa = PBXFileReference; fileEncoding = 4; lastKnownFileType = sourcecode.swift; path = Action.swift; sourceTree = "<group>"; };
		2CE0525F1E0A99B300371E2F /* Reducer.swift */ = {isa = PBXFileReference; fileEncoding = 4; lastKnownFileType = sourcecode.swift; path = Reducer.swift; sourceTree = "<group>"; };
		2CE052611E0A99BA00371E2F /* Middleware.swift */ = {isa = PBXFileReference; fileEncoding = 4; lastKnownFileType = sourcecode.swift; path = Middleware.swift; sourceTree = "<group>"; };
		2CE052631E0A99C500371E2F /* State.swift */ = {isa = PBXFileReference; fileEncoding = 4; lastKnownFileType = sourcecode.swift; path = State.swift; sourceTree = "<group>"; };
		2CE052651E0A99C900371E2F /* Store.swift */ = {isa = PBXFileReference; fileEncoding = 4; lastKnownFileType = sourcecode.swift; path = Store.swift; sourceTree = "<group>"; };
		2CE052671E0A99D700371E2F /* StoreSubscriber.swift */ = {isa = PBXFileReference; fileEncoding = 4; lastKnownFileType = sourcecode.swift; path = StoreSubscriber.swift; sourceTree = "<group>"; };
		2CE052691E0A99E200371E2F /* StoreType.swift */ = {isa = PBXFileReference; fileEncoding = 4; lastKnownFileType = sourcecode.swift; path = StoreType.swift; sourceTree = "<group>"; };
		2CE0526B1E0A99EA00371E2F /* Subscription.swift */ = {isa = PBXFileReference; fileEncoding = 4; lastKnownFileType = sourcecode.swift; path = Subscription.swift; sourceTree = "<group>"; };
/* End PBXFileReference section */

/* Begin PBXFrameworksBuildPhase section */
		2CE052231E0A994B00371E2F /* Frameworks */ = {
			isa = PBXFrameworksBuildPhase;
			buildActionMask = 2147483647;
			files = (
			);
			runOnlyForDeploymentPostprocessing = 0;
		};
		2CE052371E0A994B00371E2F /* Frameworks */ = {
			isa = PBXFrameworksBuildPhase;
			buildActionMask = 2147483647;
			files = (
			);
			runOnlyForDeploymentPostprocessing = 0;
		};
		2CE052421E0A994B00371E2F /* Frameworks */ = {
			isa = PBXFrameworksBuildPhase;
			buildActionMask = 2147483647;
			files = (
			);
			runOnlyForDeploymentPostprocessing = 0;
		};
/* End PBXFrameworksBuildPhase section */

/* Begin PBXGroup section */
		2C3559171E23AF47005C1EB5 /* TestDataProvider */ = {
			isa = PBXGroup;
			children = (
				2C3559151E23ADE8005C1EB5 /* TestDataProvider.swift */,
			);
			name = TestDataProvider;
			sourceTree = "<group>";
		};
		2C4936441E1A599000AE5CD9 /* Network */ = {
			isa = PBXGroup;
			children = (
				2C4936451E1A59AF00AE5CD9 /* MockedAPIService.swift */,
			);
			name = Network;
			sourceTree = "<group>";
		};
		2C49364F1E1A6A4F00AE5CD9 /* SmallActivityCell */ = {
			isa = PBXGroup;
			children = (
				2C49364D1E1A6A4700AE5CD9 /* SmallFlowItemTableViewCell.xib */,
				2C35590F1E23A126005C1EB5 /* SmallFlowItemTableViewCell.swift */,
			);
			name = SmallActivityCell;
			sourceTree = "<group>";
		};
		2C4936521E1A6C4B00AE5CD9 /* MediumActivityCell */ = {
			isa = PBXGroup;
			children = (
				2C3559111E23A1E7005C1EB5 /* MediumFlowItemTableViewCell.swift */,
				2C4936501E1A6C4700AE5CD9 /* MediumFlowItemTableViewCell.xib */,
			);
			name = MediumActivityCell;
			sourceTree = "<group>";
		};
		2C4936551E1A6D9300AE5CD9 /* LargeActivityCell */ = {
			isa = PBXGroup;
			children = (
				2C3559131E23A1EE005C1EB5 /* LargeFlowItemTableViewCell.swift */,
				2C4936531E1A6D8F00AE5CD9 /* LargeFlowItemTableViewCell.xib */,
			);
			name = LargeActivityCell;
			sourceTree = "<group>";
		};
		2C4936561E1A6F2B00AE5CD9 /* ActivityCells */ = {
			isa = PBXGroup;
			children = (
				2C49364F1E1A6A4F00AE5CD9 /* SmallActivityCell */,
				2C4936521E1A6C4B00AE5CD9 /* MediumActivityCell */,
				2C4936551E1A6D9300AE5CD9 /* LargeActivityCell */,
			);
			name = ActivityCells;
			sourceTree = "<group>";
		};
		2C4936571E1A75EF00AE5CD9 /* ActivityFeed */ = {
			isa = PBXGroup;
			children = (
				2C3559171E23AF47005C1EB5 /* TestDataProvider */,
				2CB607CB1E239DB100CE460E /* Models */,
				2CAABDD41E12925000F2DD89 /* ReportViewController.swift */,
			);
			name = ActivityFeed;
			sourceTree = "<group>";
		};
		2CAABDC51E12613600F2DD89 /* Utils */ = {
			isa = PBXGroup;
			children = (
				2CAABDC61E12614200F2DD89 /* Coding.swift */,
				2CAABDC81E1268E600F2DD89 /* Assertions.swift */,
				2CAABDCA1E1268EE00F2DD89 /* TypeHelper.swift */,
			);
			name = Utils;
			sourceTree = "<group>";
		};
		2CAABDDA1E129C5C00F2DD89 /* SalesWorkflow */ = {
			isa = PBXGroup;
			children = (
				2CB431471E13C56100BDC681 /* InvoiceOverviewViewController.swift */,
				2CB431491E13C67A00BDC681 /* TestData.swift */,
				2C95D6251E1538CC00B839E3 /* CreateInvoiceViewController.swift */,
			);
			name = SalesWorkflow;
			sourceTree = "<group>";
		};
		2CB4314B1E13CBAD00BDC681 /* Custom Cells */ = {
			isa = PBXGroup;
			children = (
				2CB4314C1E13CBC900BDC681 /* InvoiceTableViewCell.swift */,
				2C4936561E1A6F2B00AE5CD9 /* ActivityCells */,
			);
			name = "Custom Cells";
			sourceTree = "<group>";
		};
		2CB607CB1E239DB100CE460E /* Models */ = {
			isa = PBXGroup;
			children = (
				2C4936581E1A760300AE5CD9 /* Post.swift */,
			);
			name = Models;
			sourceTree = "<group>";
		};
		2CE0521D1E0A994B00371E2F = {
			isa = PBXGroup;
			children = (
				2CE052281E0A994B00371E2F /* DIYMobilePrototype */,
				2CE0523D1E0A994B00371E2F /* DIYMobilePrototypeTests */,
				2CE052481E0A994B00371E2F /* DIYMobilePrototypeUITests */,
				2CE052271E0A994B00371E2F /* Products */,
			);
			sourceTree = "<group>";
		};
		2CE052271E0A994B00371E2F /* Products */ = {
			isa = PBXGroup;
			children = (
				2CE052261E0A994B00371E2F /* DIYMobilePrototype.app */,
				2CE0523A1E0A994B00371E2F /* DIYMobilePrototypeTests.xctest */,
				2CE052451E0A994B00371E2F /* DIYMobilePrototypeUITests.xctest */,
			);
			name = Products;
			sourceTree = "<group>";
		};
		2CE052281E0A994B00371E2F /* DIYMobilePrototype */ = {
			isa = PBXGroup;
			children = (
				2C4936441E1A599000AE5CD9 /* Network */,
				2CB4314B1E13CBAD00BDC681 /* Custom Cells */,
				2CE052291E0A994B00371E2F /* AppDelegate.swift */,
				2CE0525C1E0A998800371E2F /* CoreTypes */,
				2CE052571E0A995900371E2F /* ViewControllers */,
				2CE052581E0A996000371E2F /* StoryBoards */,
				2CE052591E0A996700371E2F /* MediaAssets */,
				2CE0525A1E0A996D00371E2F /* PropertyLists */,
			);
			path = DIYMobilePrototype;
			sourceTree = "<group>";
		};
		2CE0523D1E0A994B00371E2F /* DIYMobilePrototypeTests */ = {
			isa = PBXGroup;
			children = (
				2CE0523E1E0A994B00371E2F /* DIYMobilePrototypeTests.swift */,
				2CE052401E0A994B00371E2F /* Info.plist */,
			);
			path = DIYMobilePrototypeTests;
			sourceTree = "<group>";
		};
		2CE052481E0A994B00371E2F /* DIYMobilePrototypeUITests */ = {
			isa = PBXGroup;
			children = (
				2CE052491E0A994B00371E2F /* DIYMobilePrototypeUITests.swift */,
				2CE0524B1E0A994B00371E2F /* Info.plist */,
			);
			path = DIYMobilePrototypeUITests;
			sourceTree = "<group>";
		};
		2CE052571E0A995900371E2F /* ViewControllers */ = {
			isa = PBXGroup;
			children = (
				2CAABDDA1E129C5C00F2DD89 /* SalesWorkflow */,
				2CE0522B1E0A994B00371E2F /* LoginViewController.swift */,
				2C4936571E1A75EF00AE5CD9 /* ActivityFeed */,
			);
			name = ViewControllers;
			sourceTree = "<group>";
		};
		2CE052581E0A996000371E2F /* StoryBoards */ = {
			isa = PBXGroup;
			children = (
				2CE0522D1E0A994B00371E2F /* Main.storyboard */,
				2CE052321E0A994B00371E2F /* LaunchScreen.storyboard */,
			);
			name = StoryBoards;
			sourceTree = "<group>";
		};
		2CE052591E0A996700371E2F /* MediaAssets */ = {
			isa = PBXGroup;
			children = (
				2CE052301E0A994B00371E2F /* Assets.xcassets */,
			);
			name = MediaAssets;
			sourceTree = "<group>";
		};
		2CE0525A1E0A996D00371E2F /* PropertyLists */ = {
			isa = PBXGroup;
			children = (
				2CE052351E0A994B00371E2F /* Info.plist */,
			);
			name = PropertyLists;
			sourceTree = "<group>";
		};
		2CE0525C1E0A998800371E2F /* CoreTypes */ = {
			isa = PBXGroup;
			children = (
				2CAABDC51E12613600F2DD89 /* Utils */,
				2CE0525D1E0A99A700371E2F /* Action.swift */,
				2CE0525F1E0A99B300371E2F /* Reducer.swift */,
				2CE052611E0A99BA00371E2F /* Middleware.swift */,
				2CE052631E0A99C500371E2F /* State.swift */,
				2CE052651E0A99C900371E2F /* Store.swift */,
				2CE052671E0A99D700371E2F /* StoreSubscriber.swift */,
				2CE052691E0A99E200371E2F /* StoreType.swift */,
				2CE0526B1E0A99EA00371E2F /* Subscription.swift */,
			);
			name = CoreTypes;
			sourceTree = "<group>";
		};
/* End PBXGroup section */

/* Begin PBXNativeTarget section */
		2CE052251E0A994B00371E2F /* DIYMobilePrototype */ = {
			isa = PBXNativeTarget;
			buildConfigurationList = 2CE0524E1E0A994B00371E2F /* Build configuration list for PBXNativeTarget "DIYMobilePrototype" */;
			buildPhases = (
				2CE052221E0A994B00371E2F /* Sources */,
				2CE052231E0A994B00371E2F /* Frameworks */,
				2CE052241E0A994B00371E2F /* Resources */,
			);
			buildRules = (
			);
			dependencies = (
			);
			name = DIYMobilePrototype;
			productName = DIYMobilePrototype;
			productReference = 2CE052261E0A994B00371E2F /* DIYMobilePrototype.app */;
			productType = "com.apple.product-type.application";
		};
		2CE052391E0A994B00371E2F /* DIYMobilePrototypeTests */ = {
			isa = PBXNativeTarget;
			buildConfigurationList = 2CE052511E0A994B00371E2F /* Build configuration list for PBXNativeTarget "DIYMobilePrototypeTests" */;
			buildPhases = (
				2CE052361E0A994B00371E2F /* Sources */,
				2CE052371E0A994B00371E2F /* Frameworks */,
				2CE052381E0A994B00371E2F /* Resources */,
			);
			buildRules = (
			);
			dependencies = (
				2CE0523C1E0A994B00371E2F /* PBXTargetDependency */,
			);
			name = DIYMobilePrototypeTests;
			productName = DIYMobilePrototypeTests;
			productReference = 2CE0523A1E0A994B00371E2F /* DIYMobilePrototypeTests.xctest */;
			productType = "com.apple.product-type.bundle.unit-test";
		};
		2CE052441E0A994B00371E2F /* DIYMobilePrototypeUITests */ = {
			isa = PBXNativeTarget;
			buildConfigurationList = 2CE052541E0A994B00371E2F /* Build configuration list for PBXNativeTarget "DIYMobilePrototypeUITests" */;
			buildPhases = (
				2CE052411E0A994B00371E2F /* Sources */,
				2CE052421E0A994B00371E2F /* Frameworks */,
				2CE052431E0A994B00371E2F /* Resources */,
			);
			buildRules = (
			);
			dependencies = (
				2CE052471E0A994B00371E2F /* PBXTargetDependency */,
			);
			name = DIYMobilePrototypeUITests;
			productName = DIYMobilePrototypeUITests;
			productReference = 2CE052451E0A994B00371E2F /* DIYMobilePrototypeUITests.xctest */;
			productType = "com.apple.product-type.bundle.ui-testing";
		};
/* End PBXNativeTarget section */

/* Begin PBXProject section */
		2CE0521E1E0A994B00371E2F /* Project object */ = {
			isa = PBXProject;
			attributes = {
				LastSwiftUpdateCheck = 0820;
				LastUpgradeCheck = 0820;
				ORGANIZATIONNAME = "Alex Saberdine";
				TargetAttributes = {
					2CE052251E0A994B00371E2F = {
						CreatedOnToolsVersion = 8.2.1;
						ProvisioningStyle = Automatic;
					};
					2CE052391E0A994B00371E2F = {
						CreatedOnToolsVersion = 8.2.1;
						ProvisioningStyle = Automatic;
						TestTargetID = 2CE052251E0A994B00371E2F;
					};
					2CE052441E0A994B00371E2F = {
						CreatedOnToolsVersion = 8.2.1;
						ProvisioningStyle = Automatic;
						TestTargetID = 2CE052251E0A994B00371E2F;
					};
				};
			};
			buildConfigurationList = 2CE052211E0A994B00371E2F /* Build configuration list for PBXProject "DIYMobilePrototype" */;
			compatibilityVersion = "Xcode 3.2";
			developmentRegion = English;
			hasScannedForEncodings = 0;
			knownRegions = (
				en,
				Base,
			);
			mainGroup = 2CE0521D1E0A994B00371E2F;
			productRefGroup = 2CE052271E0A994B00371E2F /* Products */;
			projectDirPath = "";
			projectRoot = "";
			targets = (
				2CE052251E0A994B00371E2F /* DIYMobilePrototype */,
				2CE052391E0A994B00371E2F /* DIYMobilePrototypeTests */,
				2CE052441E0A994B00371E2F /* DIYMobilePrototypeUITests */,
			);
		};
/* End PBXProject section */

/* Begin PBXResourcesBuildPhase section */
		2CE052241E0A994B00371E2F /* Resources */ = {
			isa = PBXResourcesBuildPhase;
			buildActionMask = 2147483647;
			files = (
				2CE052341E0A994B00371E2F /* LaunchScreen.storyboard in Resources */,
				2C49364E1E1A6A4700AE5CD9 /* SmallFlowItemTableViewCell.xib in Resources */,
				2C4936511E1A6C4700AE5CD9 /* MediumFlowItemTableViewCell.xib in Resources */,
				2C4936541E1A6D8F00AE5CD9 /* LargeFlowItemTableViewCell.xib in Resources */,
				2CE052311E0A994B00371E2F /* Assets.xcassets in Resources */,
				2CE0522F1E0A994B00371E2F /* Main.storyboard in Resources */,
			);
			runOnlyForDeploymentPostprocessing = 0;
		};
		2CE052381E0A994B00371E2F /* Resources */ = {
			isa = PBXResourcesBuildPhase;
			buildActionMask = 2147483647;
			files = (
			);
			runOnlyForDeploymentPostprocessing = 0;
		};
		2CE052431E0A994B00371E2F /* Resources */ = {
			isa = PBXResourcesBuildPhase;
			buildActionMask = 2147483647;
			files = (
			);
			runOnlyForDeploymentPostprocessing = 0;
		};
/* End PBXResourcesBuildPhase section */

/* Begin PBXSourcesBuildPhase section */
		2CE052221E0A994B00371E2F /* Sources */ = {
			isa = PBXSourcesBuildPhase;
			buildActionMask = 2147483647;
			files = (
				2C3559121E23A1E7005C1EB5 /* MediumFlowItemTableViewCell.swift in Sources */,
				2C95D6261E1538CC00B839E3 /* CreateInvoiceViewController.swift in Sources */,
				2CAABDD51E12925000F2DD89 /* ReportViewController.swift in Sources */,
				2CE052661E0A99C900371E2F /* Store.swift in Sources */,
				2C3559101E23A126005C1EB5 /* SmallFlowItemTableViewCell.swift in Sources */,
				2C3559161E23ADE8005C1EB5 /* TestDataProvider.swift in Sources */,
				2CE052681E0A99D700371E2F /* StoreSubscriber.swift in Sources */,
				2CAABDC91E1268E600F2DD89 /* Assertions.swift in Sources */,
				2CB4314D1E13CBC900BDC681 /* InvoiceTableViewCell.swift in Sources */,
				2CE052621E0A99BA00371E2F /* Middleware.swift in Sources */,
				2CE0522C1E0A994B00371E2F /* LoginViewController.swift in Sources */,
				2CE0526C1E0A99EA00371E2F /* Subscription.swift in Sources */,
				2CE0525E1E0A99A700371E2F /* Action.swift in Sources */,
				2C4936461E1A59AF00AE5CD9 /* MockedAPIService.swift in Sources */,
				2CE052601E0A99B300371E2F /* Reducer.swift in Sources */,
				2CB431481E13C56100BDC681 /* InvoiceOverviewViewController.swift in Sources */,
				2CAABDC71E12614200F2DD89 /* Coding.swift in Sources */,
				2C3559141E23A1EE005C1EB5 /* LargeFlowItemTableViewCell.swift in Sources */,
				2C4936591E1A760300AE5CD9 /* Post.swift in Sources */,
				2CB4314A1E13C67A00BDC681 /* TestData.swift in Sources */,
				2CE0522A1E0A994B00371E2F /* AppDelegate.swift in Sources */,
				2CE052641E0A99C500371E2F /* State.swift in Sources */,
				2CAABDCB1E1268EE00F2DD89 /* TypeHelper.swift in Sources */,
				2CE0526A1E0A99E200371E2F /* StoreType.swift in Sources */,
			);
			runOnlyForDeploymentPostprocessing = 0;
		};
		2CE052361E0A994B00371E2F /* Sources */ = {
			isa = PBXSourcesBuildPhase;
			buildActionMask = 2147483647;
			files = (
				2CE0523F1E0A994B00371E2F /* DIYMobilePrototypeTests.swift in Sources */,
			);
			runOnlyForDeploymentPostprocessing = 0;
		};
		2CE052411E0A994B00371E2F /* Sources */ = {
			isa = PBXSourcesBuildPhase;
			buildActionMask = 2147483647;
			files = (
				2CE0524A1E0A994B00371E2F /* DIYMobilePrototypeUITests.swift in Sources */,
			);
			runOnlyForDeploymentPostprocessing = 0;
		};
/* End PBXSourcesBuildPhase section */

/* Begin PBXTargetDependency section */
		2CE0523C1E0A994B00371E2F /* PBXTargetDependency */ = {
			isa = PBXTargetDependency;
			target = 2CE052251E0A994B00371E2F /* DIYMobilePrototype */;
			targetProxy = 2CE0523B1E0A994B00371E2F /* PBXContainerItemProxy */;
		};
		2CE052471E0A994B00371E2F /* PBXTargetDependency */ = {
			isa = PBXTargetDependency;
			target = 2CE052251E0A994B00371E2F /* DIYMobilePrototype */;
			targetProxy = 2CE052461E0A994B00371E2F /* PBXContainerItemProxy */;
		};
/* End PBXTargetDependency section */

/* Begin PBXVariantGroup section */
		2CE0522D1E0A994B00371E2F /* Main.storyboard */ = {
			isa = PBXVariantGroup;
			children = (
				2CE0522E1E0A994B00371E2F /* Base */,
			);
			name = Main.storyboard;
			sourceTree = "<group>";
		};
		2CE052321E0A994B00371E2F /* LaunchScreen.storyboard */ = {
			isa = PBXVariantGroup;
			children = (
				2CE052331E0A994B00371E2F /* Base */,
			);
			name = LaunchScreen.storyboard;
			sourceTree = "<group>";
		};
/* End PBXVariantGroup section */

/* Begin XCBuildConfiguration section */
		2CE0524C1E0A994B00371E2F /* Debug */ = {
			isa = XCBuildConfiguration;
			buildSettings = {
				ALWAYS_SEARCH_USER_PATHS = NO;
				CLANG_ANALYZER_NONNULL = YES;
				CLANG_CXX_LANGUAGE_STANDARD = "gnu++0x";
				CLANG_CXX_LIBRARY = "libc++";
				CLANG_ENABLE_MODULES = YES;
				CLANG_ENABLE_OBJC_ARC = YES;
				CLANG_WARN_BOOL_CONVERSION = YES;
				CLANG_WARN_CONSTANT_CONVERSION = YES;
				CLANG_WARN_DIRECT_OBJC_ISA_USAGE = YES_ERROR;
				CLANG_WARN_DOCUMENTATION_COMMENTS = YES;
				CLANG_WARN_EMPTY_BODY = YES;
				CLANG_WARN_ENUM_CONVERSION = YES;
				CLANG_WARN_INFINITE_RECURSION = YES;
				CLANG_WARN_INT_CONVERSION = YES;
				CLANG_WARN_OBJC_ROOT_CLASS = YES_ERROR;
				CLANG_WARN_SUSPICIOUS_MOVE = YES;
				CLANG_WARN_UNREACHABLE_CODE = YES;
				CLANG_WARN__DUPLICATE_METHOD_MATCH = YES;
				"CODE_SIGN_IDENTITY[sdk=iphoneos*]" = "iPhone Developer";
				COPY_PHASE_STRIP = NO;
				DEBUG_INFORMATION_FORMAT = dwarf;
				ENABLE_STRICT_OBJC_MSGSEND = YES;
				ENABLE_TESTABILITY = YES;
				GCC_C_LANGUAGE_STANDARD = gnu99;
				GCC_DYNAMIC_NO_PIC = NO;
				GCC_NO_COMMON_BLOCKS = YES;
				GCC_OPTIMIZATION_LEVEL = 0;
				GCC_PREPROCESSOR_DEFINITIONS = (
					"DEBUG=1",
					"$(inherited)",
				);
				GCC_WARN_64_TO_32_BIT_CONVERSION = YES;
				GCC_WARN_ABOUT_RETURN_TYPE = YES_ERROR;
				GCC_WARN_UNDECLARED_SELECTOR = YES;
				GCC_WARN_UNINITIALIZED_AUTOS = YES_AGGRESSIVE;
				GCC_WARN_UNUSED_FUNCTION = YES;
				GCC_WARN_UNUSED_VARIABLE = YES;
				IPHONEOS_DEPLOYMENT_TARGET = 10.2;
				MTL_ENABLE_DEBUG_INFO = YES;
				ONLY_ACTIVE_ARCH = YES;
				SDKROOT = iphoneos;
				SWIFT_ACTIVE_COMPILATION_CONDITIONS = DEBUG;
				SWIFT_OPTIMIZATION_LEVEL = "-Onone";
			};
			name = Debug;
		};
		2CE0524D1E0A994B00371E2F /* Release */ = {
			isa = XCBuildConfiguration;
			buildSettings = {
				ALWAYS_SEARCH_USER_PATHS = NO;
				CLANG_ANALYZER_NONNULL = YES;
				CLANG_CXX_LANGUAGE_STANDARD = "gnu++0x";
				CLANG_CXX_LIBRARY = "libc++";
				CLANG_ENABLE_MODULES = YES;
				CLANG_ENABLE_OBJC_ARC = YES;
				CLANG_WARN_BOOL_CONVERSION = YES;
				CLANG_WARN_CONSTANT_CONVERSION = YES;
				CLANG_WARN_DIRECT_OBJC_ISA_USAGE = YES_ERROR;
				CLANG_WARN_DOCUMENTATION_COMMENTS = YES;
				CLANG_WARN_EMPTY_BODY = YES;
				CLANG_WARN_ENUM_CONVERSION = YES;
				CLANG_WARN_INFINITE_RECURSION = YES;
				CLANG_WARN_INT_CONVERSION = YES;
				CLANG_WARN_OBJC_ROOT_CLASS = YES_ERROR;
				CLANG_WARN_SUSPICIOUS_MOVE = YES;
				CLANG_WARN_UNREACHABLE_CODE = YES;
				CLANG_WARN__DUPLICATE_METHOD_MATCH = YES;
				"CODE_SIGN_IDENTITY[sdk=iphoneos*]" = "iPhone Developer";
				COPY_PHASE_STRIP = NO;
				DEBUG_INFORMATION_FORMAT = "dwarf-with-dsym";
				ENABLE_NS_ASSERTIONS = NO;
				ENABLE_STRICT_OBJC_MSGSEND = YES;
				GCC_C_LANGUAGE_STANDARD = gnu99;
				GCC_NO_COMMON_BLOCKS = YES;
				GCC_WARN_64_TO_32_BIT_CONVERSION = YES;
				GCC_WARN_ABOUT_RETURN_TYPE = YES_ERROR;
				GCC_WARN_UNDECLARED_SELECTOR = YES;
				GCC_WARN_UNINITIALIZED_AUTOS = YES_AGGRESSIVE;
				GCC_WARN_UNUSED_FUNCTION = YES;
				GCC_WARN_UNUSED_VARIABLE = YES;
				IPHONEOS_DEPLOYMENT_TARGET = 10.2;
				MTL_ENABLE_DEBUG_INFO = NO;
				SDKROOT = iphoneos;
				SWIFT_OPTIMIZATION_LEVEL = "-Owholemodule";
				VALIDATE_PRODUCT = YES;
			};
			name = Release;
		};
		2CE0524F1E0A994B00371E2F /* Debug */ = {
			isa = XCBuildConfiguration;
			buildSettings = {
				ASSETCATALOG_COMPILER_APPICON_NAME = AppIcon;
				INFOPLIST_FILE = DIYMobilePrototype/Info.plist;
				LD_RUNPATH_SEARCH_PATHS = "$(inherited) @executable_path/Frameworks";
				PRODUCT_BUNDLE_IDENTIFIER = com.diymobile.DIYMobilePrototype;
				PRODUCT_NAME = "$(TARGET_NAME)";
				SWIFT_VERSION = 3.0;
			};
			name = Debug;
		};
		2CE052501E0A994B00371E2F /* Release */ = {
			isa = XCBuildConfiguration;
			buildSettings = {
				ASSETCATALOG_COMPILER_APPICON_NAME = AppIcon;
				INFOPLIST_FILE = DIYMobilePrototype/Info.plist;
				LD_RUNPATH_SEARCH_PATHS = "$(inherited) @executable_path/Frameworks";
				PRODUCT_BUNDLE_IDENTIFIER = com.diymobile.DIYMobilePrototype;
				PRODUCT_NAME = "$(TARGET_NAME)";
				SWIFT_VERSION = 3.0;
			};
			name = Release;
		};
		2CE052521E0A994B00371E2F /* Debug */ = {
			isa = XCBuildConfiguration;
			buildSettings = {
				ALWAYS_EMBED_SWIFT_STANDARD_LIBRARIES = YES;
				BUNDLE_LOADER = "$(TEST_HOST)";
				INFOPLIST_FILE = DIYMobilePrototypeTests/Info.plist;
				LD_RUNPATH_SEARCH_PATHS = "$(inherited) @executable_path/Frameworks @loader_path/Frameworks";
				PRODUCT_BUNDLE_IDENTIFIER = com.diymobile.DIYMobilePrototypeTests;
				PRODUCT_NAME = "$(TARGET_NAME)";
				SWIFT_VERSION = 3.0;
				TEST_HOST = "$(BUILT_PRODUCTS_DIR)/DIYMobilePrototype.app/DIYMobilePrototype";
			};
			name = Debug;
		};
		2CE052531E0A994B00371E2F /* Release */ = {
			isa = XCBuildConfiguration;
			buildSettings = {
				ALWAYS_EMBED_SWIFT_STANDARD_LIBRARIES = YES;
				BUNDLE_LOADER = "$(TEST_HOST)";
				INFOPLIST_FILE = DIYMobilePrototypeTests/Info.plist;
				LD_RUNPATH_SEARCH_PATHS = "$(inherited) @executable_path/Frameworks @loader_path/Frameworks";
				PRODUCT_BUNDLE_IDENTIFIER = com.diymobile.DIYMobilePrototypeTests;
				PRODUCT_NAME = "$(TARGET_NAME)";
				SWIFT_VERSION = 3.0;
				TEST_HOST = "$(BUILT_PRODUCTS_DIR)/DIYMobilePrototype.app/DIYMobilePrototype";
			};
			name = Release;
		};
		2CE052551E0A994B00371E2F /* Debug */ = {
			isa = XCBuildConfiguration;
			buildSettings = {
				ALWAYS_EMBED_SWIFT_STANDARD_LIBRARIES = YES;
				INFOPLIST_FILE = DIYMobilePrototypeUITests/Info.plist;
				LD_RUNPATH_SEARCH_PATHS = "$(inherited) @executable_path/Frameworks @loader_path/Frameworks";
				PRODUCT_BUNDLE_IDENTIFIER = com.diymobile.DIYMobilePrototypeUITests;
				PRODUCT_NAME = "$(TARGET_NAME)";
				SWIFT_VERSION = 3.0;
				TEST_TARGET_NAME = DIYMobilePrototype;
			};
			name = Debug;
		};
		2CE052561E0A994B00371E2F /* Release */ = {
			isa = XCBuildConfiguration;
			buildSettings = {
				ALWAYS_EMBED_SWIFT_STANDARD_LIBRARIES = YES;
				INFOPLIST_FILE = DIYMobilePrototypeUITests/Info.plist;
				LD_RUNPATH_SEARCH_PATHS = "$(inherited) @executable_path/Frameworks @loader_path/Frameworks";
				PRODUCT_BUNDLE_IDENTIFIER = com.diymobile.DIYMobilePrototypeUITests;
				PRODUCT_NAME = "$(TARGET_NAME)";
				SWIFT_VERSION = 3.0;
				TEST_TARGET_NAME = DIYMobilePrototype;
			};
			name = Release;
		};
/* End XCBuildConfiguration section */

/* Begin XCConfigurationList section */
		2CE052211E0A994B00371E2F /* Build configuration list for PBXProject "DIYMobilePrototype" */ = {
			isa = XCConfigurationList;
			buildConfigurations = (
				2CE0524C1E0A994B00371E2F /* Debug */,
				2CE0524D1E0A994B00371E2F /* Release */,
			);
			defaultConfigurationIsVisible = 0;
			defaultConfigurationName = Release;
		};
		2CE0524E1E0A994B00371E2F /* Build configuration list for PBXNativeTarget "DIYMobilePrototype" */ = {
			isa = XCConfigurationList;
			buildConfigurations = (
				2CE0524F1E0A994B00371E2F /* Debug */,
				2CE052501E0A994B00371E2F /* Release */,
			);
			defaultConfigurationIsVisible = 0;
			defaultConfigurationName = Release;
		};
		2CE052511E0A994B00371E2F /* Build configuration list for PBXNativeTarget "DIYMobilePrototypeTests" */ = {
			isa = XCConfigurationList;
			buildConfigurations = (
				2CE052521E0A994B00371E2F /* Debug */,
				2CE052531E0A994B00371E2F /* Release */,
			);
			defaultConfigurationIsVisible = 0;
			defaultConfigurationName = Release;
		};
		2CE052541E0A994B00371E2F /* Build configuration list for PBXNativeTarget "DIYMobilePrototypeUITests" */ = {
			isa = XCConfigurationList;
			buildConfigurations = (
				2CE052551E0A994B00371E2F /* Debug */,
				2CE052561E0A994B00371E2F /* Release */,
			);
			defaultConfigurationIsVisible = 0;
			defaultConfigurationName = Release;
		};
/* End XCConfigurationList section */
	};
	rootObject = 2CE0521E1E0A994B00371E2F /* Project object */;
}
