// !$*UTF8*$!
{
	archiveVersion = 1;
	classes = {
	};
	objectVersion = 46;
	objects = {

/* Begin PBXBuildFile section */
		2CE0522A1E0A994B00371E2F /* AppDelegate.swift in Sources */ = {isa = PBXBuildFile; fileRef = 2CE052291E0A994B00371E2F /* AppDelegate.swift */; };
		2CE0522C1E0A994B00371E2F /* ViewController.swift in Sources */ = {isa = PBXBuildFile; fileRef = 2CE0522B1E0A994B00371E2F /* ViewController.swift */; };
		2CE0522F1E0A994B00371E2F /* Main.storyboard in Resources */ = {isa = PBXBuildFile; fileRef = 2CE0522D1E0A994B00371E2F /* Main.storyboard */; };
		2CE052311E0A994B00371E2F /* Assets.xcassets in Resources */ = {isa = PBXBuildFile; fileRef = 2CE052301E0A994B00371E2F /* Assets.xcassets */; };
		2CE052341E0A994B00371E2F /* LaunchScreen.storyboard in Resources */ = {isa = PBXBuildFile; fileRef = 2CE052321E0A994B00371E2F /* LaunchScreen.storyboard */; };
		2CE0523F1E0A994B00371E2F /* DIYMobilePrototypeTests.swift in Sources */ = {isa = PBXBuildFile; fileRef = 2CE0523E1E0A994B00371E2F /* DIYMobilePrototypeTests.swift */; };
		2CE0524A1E0A994B00371E2F /* DIYMobilePrototypeUITests.swift in Sources */ = {isa = PBXBuildFile; fileRef = 2CE052491E0A994B00371E2F /* DIYMobilePrototypeUITests.swift */; };
/* End PBXBuildFile section */

/* Begin PBXContainerItemProxy section */
		2CE0523B1E0A994B00371E2F /* PBXContainerItemProxy */ = {
			isa = PBXContainerItemProxy;
			containerPortal = 2CE0521E1E0A994B00371E2F /* Project object */;
			proxyType = 1;
			remoteGlobalIDString = 2CE052251E0A994B00371E2F;
			remoteInfo = DIYMobilePrototype;
		};
		2CE052461E0A994B00371E2F /* PBXContainerItemProxy */ = {
			isa = PBXContainerItemProxy;
			containerPortal = 2CE0521E1E0A994B00371E2F /* Project object */;
			proxyType = 1;
			remoteGlobalIDString = 2CE052251E0A994B00371E2F;
			remoteInfo = DIYMobilePrototype;
		};
/* End PBXContainerItemProxy section */

/* Begin PBXFileReference section */
		2CE052261E0A994B00371E2F /* DIYMobilePrototype.app */ = {isa = PBXFileReference; explicitFileType = wrapper.application; includeInIndex = 0; path = DIYMobilePrototype.app; sourceTree = BUILT_PRODUCTS_DIR; };
		2CE052291E0A994B00371E2F /* AppDelegate.swift */ = {isa = PBXFileReference; lastKnownFileType = sourcecode.swift; path = AppDelegate.swift; sourceTree = "<group>"; };
		2CE0522B1E0A994B00371E2F /* ViewController.swift */ = {isa = PBXFileReference; lastKnownFileType = sourcecode.swift; path = ViewController.swift; sourceTree = "<group>"; };
		2CE0522E1E0A994B00371E2F /* Base */ = {isa = PBXFileReference; lastKnownFileType = file.storyboard; name = Base; path = Base.lproj/Main.storyboard; sourceTree = "<group>"; };
		2CE052301E0A994B00371E2F /* Assets.xcassets */ = {isa = PBXFileReference; lastKnownFileType = folder.assetcatalog; path = Assets.xcassets; sourceTree = "<group>"; };
		2CE052331E0A994B00371E2F /* Base */ = {isa = PBXFileReference; lastKnownFileType = file.storyboard; name = Base; path = Base.lproj/LaunchScreen.storyboard; sourceTree = "<group>"; };
		2CE052351E0A994B00371E2F /* Info.plist */ = {isa = PBXFileReference; lastKnownFileType = text.plist.xml; path = Info.plist; sourceTree = "<group>"; };
		2CE0523A1E0A994B00371E2F /* DIYMobilePrototypeTests.xctest */ = {isa = PBXFileReference; explicitFileType = wrapper.cfbundle; includeInIndex = 0; path = DIYMobilePrototypeTests.xctest; sourceTree = BUILT_PRODUCTS_DIR; };
		2CE0523E1E0A994B00371E2F /* DIYMobilePrototypeTests.swift */ = {isa = PBXFileReference; lastKnownFileType = sourcecode.swift; path = DIYMobilePrototypeTests.swift; sourceTree = "<group>"; };
		2CE052401E0A994B00371E2F /* Info.plist */ = {isa = PBXFileReference; lastKnownFileType = text.plist.xml; path = Info.plist; sourceTree = "<group>"; };
		2CE052451E0A994B00371E2F /* DIYMobilePrototypeUITests.xctest */ = {isa = PBXFileReference; explicitFileType = wrapper.cfbundle; includeInIndex = 0; path = DIYMobilePrototypeUITests.xctest; sourceTree = BUILT_PRODUCTS_DIR; };
		2CE052491E0A994B00371E2F /* DIYMobilePrototypeUITests.swift */ = {isa = PBXFileReference; lastKnownFileType = sourcecode.swift; path = DIYMobilePrototypeUITests.swift; sourceTree = "<group>"; };
		2CE0524B1E0A994B00371E2F /* Info.plist */ = {isa = PBXFileReference; lastKnownFileType = text.plist.xml; path = Info.plist; sourceTree = "<group>"; };
/* End PBXFileReference section */

/* Begin PBXFrameworksBuildPhase section */
		2CE052231E0A994B00371E2F /* Frameworks */ = {
			isa = PBXFrameworksBuildPhase;
			buildActionMask = 2147483647;
			files = (
			);
			runOnlyForDeploymentPostprocessing = 0;
		};
		2CE052371E0A994B00371E2F /* Frameworks */ = {
			isa = PBXFrameworksBuildPhase;
			buildActionMask = 2147483647;
			files = (
			);
			runOnlyForDeploymentPostprocessing = 0;
		};
		2CE052421E0A994B00371E2F /* Frameworks */ = {
			isa = PBXFrameworksBuildPhase;
			buildActionMask = 2147483647;
			files = (
			);
			runOnlyForDeploymentPostprocessing = 0;
		};
/* End PBXFrameworksBuildPhase section */

/* Begin PBXGroup section */
		2CE0521D1E0A994B00371E2F = {
			isa = PBXGroup;
			children = (
				2CE052281E0A994B00371E2F /* DIYMobilePrototype */,
				2CE0523D1E0A994B00371E2F /* DIYMobilePrototypeTests */,
				2CE052481E0A994B00371E2F /* DIYMobilePrototypeUITests */,
				2CE052271E0A994B00371E2F /* Products */,
			);
			sourceTree = "<group>";
		};
		2CE052271E0A994B00371E2F /* Products */ = {
			isa = PBXGroup;
			children = (
				2CE052261E0A994B00371E2F /* DIYMobilePrototype.app */,
				2CE0523A1E0A994B00371E2F /* DIYMobilePrototypeTests.xctest */,
				2CE052451E0A994B00371E2F /* DIYMobilePrototypeUITests.xctest */,
			);
			name = Products;
			sourceTree = "<group>";
		};
		2CE052281E0A994B00371E2F /* DIYMobilePrototype */ = {
			isa = PBXGroup;
			children = (
				2CE052291E0A994B00371E2F /* AppDelegate.swift */,
				2CE0522B1E0A994B00371E2F /* ViewController.swift */,
				2CE0522D1E0A994B00371E2F /* Main.storyboard */,
				2CE052301E0A994B00371E2F /* Assets.xcassets */,
				2CE052321E0A994B00371E2F /* LaunchScreen.storyboard */,
				2CE052351E0A994B00371E2F /* Info.plist */,
			);
			path = DIYMobilePrototype;
			sourceTree = "<group>";
		};
		2CE0523D1E0A994B00371E2F /* DIYMobilePrototypeTests */ = {
			isa = PBXGroup;
			children = (
				2CE0523E1E0A994B00371E2F /* DIYMobilePrototypeTests.swift */,
				2CE052401E0A994B00371E2F /* Info.plist */,
			);
			path = DIYMobilePrototypeTests;
			sourceTree = "<group>";
		};
		2CE052481E0A994B00371E2F /* DIYMobilePrototypeUITests */ = {
			isa = PBXGroup;
			children = (
				2CE052491E0A994B00371E2F /* DIYMobilePrototypeUITests.swift */,
				2CE0524B1E0A994B00371E2F /* Info.plist */,
			);
			path = DIYMobilePrototypeUITests;
			sourceTree = "<group>";
		};
/* End PBXGroup section */

/* Begin PBXNativeTarget section */
		2CE052251E0A994B00371E2F /* DIYMobilePrototype */ = {
			isa = PBXNativeTarget;
			buildConfigurationList = 2CE0524E1E0A994B00371E2F /* Build configuration list for PBXNativeTarget "DIYMobilePrototype" */;
			buildPhases = (
				2CE052221E0A994B00371E2F /* Sources */,
				2CE052231E0A994B00371E2F /* Frameworks */,
				2CE052241E0A994B00371E2F /* Resources */,
			);
			buildRules = (
			);
			dependencies = (
			);
			name = DIYMobilePrototype;
			productName = DIYMobilePrototype;
			productReference = 2CE052261E0A994B00371E2F /* DIYMobilePrototype.app */;
			productType = "com.apple.product-type.application";
		};
		2CE052391E0A994B00371E2F /* DIYMobilePrototypeTests */ = {
			isa = PBXNativeTarget;
			buildConfigurationList = 2CE052511E0A994B00371E2F /* Build configuration list for PBXNativeTarget "DIYMobilePrototypeTests" */;
			buildPhases = (
				2CE052361E0A994B00371E2F /* Sources */,
				2CE052371E0A994B00371E2F /* Frameworks */,
				2CE052381E0A994B00371E2F /* Resources */,
			);
			buildRules = (
			);
			dependencies = (
				2CE0523C1E0A994B00371E2F /* PBXTargetDependency */,
			);
			name = DIYMobilePrototypeTests;
			productName = DIYMobilePrototypeTests;
			productReference = 2CE0523A1E0A994B00371E2F /* DIYMobilePrototypeTests.xctest */;
			productType = "com.apple.product-type.bundle.unit-test";
		};
		2CE052441E0A994B00371E2F /* DIYMobilePrototypeUITests */ = {
			isa = PBXNativeTarget;
			buildConfigurationList = 2CE052541E0A994B00371E2F /* Build configuration list for PBXNativeTarget "DIYMobilePrototypeUITests" */;
			buildPhases = (
				2CE052411E0A994B00371E2F /* Sources */,
				2CE052421E0A994B00371E2F /* Frameworks */,
				2CE052431E0A994B00371E2F /* Resources */,
			);
			buildRules = (
			);
			dependencies = (
				2CE052471E0A994B00371E2F /* PBXTargetDependency */,
			);
			name = DIYMobilePrototypeUITests;
			productName = DIYMobilePrototypeUITests;
			productReference = 2CE052451E0A994B00371E2F /* DIYMobilePrototypeUITests.xctest */;
			productType = "com.apple.product-type.bundle.ui-testing";
		};
/* End PBXNativeTarget section */

/* Begin PBXProject section */
		2CE0521E1E0A994B00371E2F /* Project object */ = {
			isa = PBXProject;
			attributes = {
				LastSwiftUpdateCheck = 0820;
				LastUpgradeCheck = 0820;
				ORGANIZATIONNAME = "Alex Saberdine";
				TargetAttributes = {
					2CE052251E0A994B00371E2F = {
						CreatedOnToolsVersion = 8.2.1;
						ProvisioningStyle = Automatic;
					};
					2CE052391E0A994B00371E2F = {
						CreatedOnToolsVersion = 8.2.1;
						ProvisioningStyle = Automatic;
						TestTargetID = 2CE052251E0A994B00371E2F;
					};
					2CE052441E0A994B00371E2F = {
						CreatedOnToolsVersion = 8.2.1;
						ProvisioningStyle = Automatic;
						TestTargetID = 2CE052251E0A994B00371E2F;
					};
				};
			};
			buildConfigurationList = 2CE052211E0A994B00371E2F /* Build configuration list for PBXProject "DIYMobilePrototype" */;
			compatibilityVersion = "Xcode 3.2";
			developmentRegion = English;
			hasScannedForEncodings = 0;
			knownRegions = (
				en,
				Base,
			);
			mainGroup = 2CE0521D1E0A994B00371E2F;
			productRefGroup = 2CE052271E0A994B00371E2F /* Products */;
			projectDirPath = "";
			projectRoot = "";
			targets = (
				2CE052251E0A994B00371E2F /* DIYMobilePrototype */,
				2CE052391E0A994B00371E2F /* DIYMobilePrototypeTests */,
				2CE052441E0A994B00371E2F /* DIYMobilePrototypeUITests */,
			);
		};
/* End PBXProject section */

/* Begin PBXResourcesBuildPhase section */
		2CE052241E0A994B00371E2F /* Resources */ = {
			isa = PBXResourcesBuildPhase;
			buildActionMask = 2147483647;
			files = (
				2CE052341E0A994B00371E2F /* LaunchScreen.storyboard in Resources */,
				2CE052311E0A994B00371E2F /* Assets.xcassets in Resources */,
				2CE0522F1E0A994B00371E2F /* Main.storyboard in Resources */,
			);
			runOnlyForDeploymentPostprocessing = 0;
		};
		2CE052381E0A994B00371E2F /* Resources */ = {
			isa = PBXResourcesBuildPhase;
			buildActionMask = 2147483647;
			files = (
			);
			runOnlyForDeploymentPostprocessing = 0;
		};
		2CE052431E0A994B00371E2F /* Resources */ = {
			isa = PBXResourcesBuildPhase;
			buildActionMask = 2147483647;
			files = (
			);
			runOnlyForDeploymentPostprocessing = 0;
		};
/* End PBXResourcesBuildPhase section */

/* Begin PBXSourcesBuildPhase section */
		2CE052221E0A994B00371E2F /* Sources */ = {
			isa = PBXSourcesBuildPhase;
			buildActionMask = 2147483647;
			files = (
				2CE0522C1E0A994B00371E2F /* ViewController.swift in Sources */,
				2CE0522A1E0A994B00371E2F /* AppDelegate.swift in Sources */,
			);
			runOnlyForDeploymentPostprocessing = 0;
		};
		2CE052361E0A994B00371E2F /* Sources */ = {
			isa = PBXSourcesBuildPhase;
			buildActionMask = 2147483647;
			files = (
				2CE0523F1E0A994B00371E2F /* DIYMobilePrototypeTests.swift in Sources */,
			);
			runOnlyForDeploymentPostprocessing = 0;
		};
		2CE052411E0A994B00371E2F /* Sources */ = {
			isa = PBXSourcesBuildPhase;
			buildActionMask = 2147483647;
			files = (
				2CE0524A1E0A994B00371E2F /* DIYMobilePrototypeUITests.swift in Sources */,
			);
			runOnlyForDeploymentPostprocessing = 0;
		};
/* End PBXSourcesBuildPhase section */

/* Begin PBXTargetDependency section */
		2CE0523C1E0A994B00371E2F /* PBXTargetDependency */ = {
			isa = PBXTargetDependency;
			target = 2CE052251E0A994B00371E2F /* DIYMobilePrototype */;
			targetProxy = 2CE0523B1E0A994B00371E2F /* PBXContainerItemProxy */;
		};
		2CE052471E0A994B00371E2F /* PBXTargetDependency */ = {
			isa = PBXTargetDependency;
			target = 2CE052251E0A994B00371E2F /* DIYMobilePrototype */;
			targetProxy = 2CE052461E0A994B00371E2F /* PBXContainerItemProxy */;
		};
/* End PBXTargetDependency section */

/* Begin PBXVariantGroup section */
		2CE0522D1E0A994B00371E2F /* Main.storyboard */ = {
			isa = PBXVariantGroup;
			children = (
				2CE0522E1E0A994B00371E2F /* Base */,
			);
			name = Main.storyboard;
			sourceTree = "<group>";
		};
		2CE052321E0A994B00371E2F /* LaunchScreen.storyboard */ = {
			isa = PBXVariantGroup;
			children = (
				2CE052331E0A994B00371E2F /* Base */,
			);
			name = LaunchScreen.storyboard;
			sourceTree = "<group>";
		};
/* End PBXVariantGroup section */

/* Begin XCBuildConfiguration section */
		2CE0524C1E0A994B00371E2F /* Debug */ = {
			isa = XCBuildConfiguration;
			buildSettings = {
				ALWAYS_SEARCH_USER_PATHS = NO;
				CLANG_ANALYZER_NONNULL = YES;
				CLANG_CXX_LANGUAGE_STANDARD = "gnu++0x";
				CLANG_CXX_LIBRARY = "libc++";
				CLANG_ENABLE_MODULES = YES;
				CLANG_ENABLE_OBJC_ARC = YES;
				CLANG_WARN_BOOL_CONVERSION = YES;
				CLANG_WARN_CONSTANT_CONVERSION = YES;
				CLANG_WARN_DIRECT_OBJC_ISA_USAGE = YES_ERROR;
				CLANG_WARN_DOCUMENTATION_COMMENTS = YES;
				CLANG_WARN_EMPTY_BODY = YES;
				CLANG_WARN_ENUM_CONVERSION = YES;
				CLANG_WARN_INFINITE_RECURSION = YES;
				CLANG_WARN_INT_CONVERSION = YES;
				CLANG_WARN_OBJC_ROOT_CLASS = YES_ERROR;
				CLANG_WARN_SUSPICIOUS_MOVE = YES;
				CLANG_WARN_UNREACHABLE_CODE = YES;
				CLANG_WARN__DUPLICATE_METHOD_MATCH = YES;
				"CODE_SIGN_IDENTITY[sdk=iphoneos*]" = "iPhone Developer";
				COPY_PHASE_STRIP = NO;
				DEBUG_INFORMATION_FORMAT = dwarf;
				ENABLE_STRICT_OBJC_MSGSEND = YES;
				ENABLE_TESTABILITY = YES;
				GCC_C_LANGUAGE_STANDARD = gnu99;
				GCC_DYNAMIC_NO_PIC = NO;
				GCC_NO_COMMON_BLOCKS = YES;
				GCC_OPTIMIZATION_LEVEL = 0;
				GCC_PREPROCESSOR_DEFINITIONS = (
					"DEBUG=1",
					"$(inherited)",
				);
				GCC_WARN_64_TO_32_BIT_CONVERSION = YES;
				GCC_WARN_ABOUT_RETURN_TYPE = YES_ERROR;
				GCC_WARN_UNDECLARED_SELECTOR = YES;
				GCC_WARN_UNINITIALIZED_AUTOS = YES_AGGRESSIVE;
				GCC_WARN_UNUSED_FUNCTION = YES;
				GCC_WARN_UNUSED_VARIABLE = YES;
				IPHONEOS_DEPLOYMENT_TARGET = 10.2;
				MTL_ENABLE_DEBUG_INFO = YES;
				ONLY_ACTIVE_ARCH = YES;
				SDKROOT = iphoneos;
				SWIFT_ACTIVE_COMPILATION_CONDITIONS = DEBUG;
				SWIFT_OPTIMIZATION_LEVEL = "-Onone";
			};
			name = Debug;
		};
		2CE0524D1E0A994B00371E2F /* Release */ = {
			isa = XCBuildConfiguration;
			buildSettings = {
				ALWAYS_SEARCH_USER_PATHS = NO;
				CLANG_ANALYZER_NONNULL = YES;
				CLANG_CXX_LANGUAGE_STANDARD = "gnu++0x";
				CLANG_CXX_LIBRARY = "libc++";
				CLANG_ENABLE_MODULES = YES;
				CLANG_ENABLE_OBJC_ARC = YES;
				CLANG_WARN_BOOL_CONVERSION = YES;
				CLANG_WARN_CONSTANT_CONVERSION = YES;
				CLANG_WARN_DIRECT_OBJC_ISA_USAGE = YES_ERROR;
				CLANG_WARN_DOCUMENTATION_COMMENTS = YES;
				CLANG_WARN_EMPTY_BODY = YES;
				CLANG_WARN_ENUM_CONVERSION = YES;
				CLANG_WARN_INFINITE_RECURSION = YES;
				CLANG_WARN_INT_CONVERSION = YES;
				CLANG_WARN_OBJC_ROOT_CLASS = YES_ERROR;
				CLANG_WARN_SUSPICIOUS_MOVE = YES;
				CLANG_WARN_UNREACHABLE_CODE = YES;
				CLANG_WARN__DUPLICATE_METHOD_MATCH = YES;
				"CODE_SIGN_IDENTITY[sdk=iphoneos*]" = "iPhone Developer";
				COPY_PHASE_STRIP = NO;
				DEBUG_INFORMATION_FORMAT = "dwarf-with-dsym";
				ENABLE_NS_ASSERTIONS = NO;
				ENABLE_STRICT_OBJC_MSGSEND = YES;
				GCC_C_LANGUAGE_STANDARD = gnu99;
				GCC_NO_COMMON_BLOCKS = YES;
				GCC_WARN_64_TO_32_BIT_CONVERSION = YES;
				GCC_WARN_ABOUT_RETURN_TYPE = YES_ERROR;
				GCC_WARN_UNDECLARED_SELECTOR = YES;
				GCC_WARN_UNINITIALIZED_AUTOS = YES_AGGRESSIVE;
				GCC_WARN_UNUSED_FUNCTION = YES;
				GCC_WARN_UNUSED_VARIABLE = YES;
				IPHONEOS_DEPLOYMENT_TARGET = 10.2;
				MTL_ENABLE_DEBUG_INFO = NO;
				SDKROOT = iphoneos;
				SWIFT_OPTIMIZATION_LEVEL = "-Owholemodule";
				VALIDATE_PRODUCT = YES;
			};
			name = Release;
		};
		2CE0524F1E0A994B00371E2F /* Debug */ = {
			isa = XCBuildConfiguration;
			buildSettings = {
				ASSETCATALOG_COMPILER_APPICON_NAME = AppIcon;
				INFOPLIST_FILE = DIYMobilePrototype/Info.plist;
				LD_RUNPATH_SEARCH_PATHS = "$(inherited) @executable_path/Frameworks";
				PRODUCT_BUNDLE_IDENTIFIER = com.diymobile.DIYMobilePrototype;
				PRODUCT_NAME = "$(TARGET_NAME)";
				SWIFT_VERSION = 3.0;
			};
			name = Debug;
		};
		2CE052501E0A994B00371E2F /* Release */ = {
			isa = XCBuildConfiguration;
			buildSettings = {
				ASSETCATALOG_COMPILER_APPICON_NAME = AppIcon;
				INFOPLIST_FILE = DIYMobilePrototype/Info.plist;
				LD_RUNPATH_SEARCH_PATHS = "$(inherited) @executable_path/Frameworks";
				PRODUCT_BUNDLE_IDENTIFIER = com.diymobile.DIYMobilePrototype;
				PRODUCT_NAME = "$(TARGET_NAME)";
				SWIFT_VERSION = 3.0;
			};
			name = Release;
		};
		2CE052521E0A994B00371E2F /* Debug */ = {
			isa = XCBuildConfiguration;
			buildSettings = {
				ALWAYS_EMBED_SWIFT_STANDARD_LIBRARIES = YES;
				BUNDLE_LOADER = "$(TEST_HOST)";
				INFOPLIST_FILE = DIYMobilePrototypeTests/Info.plist;
				LD_RUNPATH_SEARCH_PATHS = "$(inherited) @executable_path/Frameworks @loader_path/Frameworks";
				PRODUCT_BUNDLE_IDENTIFIER = com.diymobile.DIYMobilePrototypeTests;
				PRODUCT_NAME = "$(TARGET_NAME)";
				SWIFT_VERSION = 3.0;
				TEST_HOST = "$(BUILT_PRODUCTS_DIR)/DIYMobilePrototype.app/DIYMobilePrototype";
			};
			name = Debug;
		};
		2CE052531E0A994B00371E2F /* Release */ = {
			isa = XCBuildConfiguration;
			buildSettings = {
				ALWAYS_EMBED_SWIFT_STANDARD_LIBRARIES = YES;
				BUNDLE_LOADER = "$(TEST_HOST)";
				INFOPLIST_FILE = DIYMobilePrototypeTests/Info.plist;
				LD_RUNPATH_SEARCH_PATHS = "$(inherited) @executable_path/Frameworks @loader_path/Frameworks";
				PRODUCT_BUNDLE_IDENTIFIER = com.diymobile.DIYMobilePrototypeTests;
				PRODUCT_NAME = "$(TARGET_NAME)";
				SWIFT_VERSION = 3.0;
				TEST_HOST = "$(BUILT_PRODUCTS_DIR)/DIYMobilePrototype.app/DIYMobilePrototype";
			};
			name = Release;
		};
		2CE052551E0A994B00371E2F /* Debug */ = {
			isa = XCBuildConfiguration;
			buildSettings = {
				ALWAYS_EMBED_SWIFT_STANDARD_LIBRARIES = YES;
				INFOPLIST_FILE = DIYMobilePrototypeUITests/Info.plist;
				LD_RUNPATH_SEARCH_PATHS = "$(inherited) @executable_path/Frameworks @loader_path/Frameworks";
				PRODUCT_BUNDLE_IDENTIFIER = com.diymobile.DIYMobilePrototypeUITests;
				PRODUCT_NAME = "$(TARGET_NAME)";
				SWIFT_VERSION = 3.0;
				TEST_TARGET_NAME = DIYMobilePrototype;
			};
			name = Debug;
		};
		2CE052561E0A994B00371E2F /* Release */ = {
			isa = XCBuildConfiguration;
			buildSettings = {
				ALWAYS_EMBED_SWIFT_STANDARD_LIBRARIES = YES;
				INFOPLIST_FILE = DIYMobilePrototypeUITests/Info.plist;
				LD_RUNPATH_SEARCH_PATHS = "$(inherited) @executable_path/Frameworks @loader_path/Frameworks";
				PRODUCT_BUNDLE_IDENTIFIER = com.diymobile.DIYMobilePrototypeUITests;
				PRODUCT_NAME = "$(TARGET_NAME)";
				SWIFT_VERSION = 3.0;
				TEST_TARGET_NAME = DIYMobilePrototype;
			};
			name = Release;
		};
/* End XCBuildConfiguration section */

/* Begin XCConfigurationList section */
		2CE052211E0A994B00371E2F /* Build configuration list for PBXProject "DIYMobilePrototype" */ = {
			isa = XCConfigurationList;
			buildConfigurations = (
				2CE0524C1E0A994B00371E2F /* Debug */,
				2CE0524D1E0A994B00371E2F /* Release */,
			);
			defaultConfigurationIsVisible = 0;
			defaultConfigurationName = Release;
		};
		2CE0524E1E0A994B00371E2F /* Build configuration list for PBXNativeTarget "DIYMobilePrototype" */ = {
			isa = XCConfigurationList;
			buildConfigurations = (
				2CE0524F1E0A994B00371E2F /* Debug */,
				2CE052501E0A994B00371E2F /* Release */,
			);
			defaultConfigurationIsVisible = 0;
		};
		2CE052511E0A994B00371E2F /* Build configuration list for PBXNativeTarget "DIYMobilePrototypeTests" */ = {
			isa = XCConfigurationList;
			buildConfigurations = (
				2CE052521E0A994B00371E2F /* Debug */,
				2CE052531E0A994B00371E2F /* Release */,
			);
			defaultConfigurationIsVisible = 0;
		};
		2CE052541E0A994B00371E2F /* Build configuration list for PBXNativeTarget "DIYMobilePrototypeUITests" */ = {
			isa = XCConfigurationList;
			buildConfigurations = (
				2CE052551E0A994B00371E2F /* Debug */,
				2CE052561E0A994B00371E2F /* Release */,
			);
			defaultConfigurationIsVisible = 0;
		};
/* End XCConfigurationList section */
	};
	rootObject = 2CE0521E1E0A994B00371E2F /* Project object */;
}
